{
  "name": "@canyaio/canpay-lib",
  "version": "0.2.1-beta.11",
  "lockfileVersion": 1,
  "requires": true,
  "dependencies": {
    "angular2-qrcode": {
      "version": "2.0.1",
      "resolved": "https://registry.npmjs.org/angular2-qrcode/-/angular2-qrcode-2.0.1.tgz",
      "integrity": "sha1-G05lwwJpS1B4ygb3ETj35DZ3VNw=",
      "requires": {
        "qrious": "^2.2.0"
      }
    },
    "canvas": {
      "version": "1.6.13",
      "resolved": "https://registry.npmjs.org/canvas/-/canvas-1.6.13.tgz",
      "integrity": "sha512-XAfzfEOHZ3JIPjEV+WSI6PpISgUta3dgmndWbsajotz+0TQOX/jDpp2kawjRERatOGv9sMMzk5auB3GKEKA6hg==",
      "optional": true,
      "requires": {
        "nan": "^2.10.0"
      }
    },
    "nan": {
      "version": "2.11.1",
      "resolved": "https://registry.npmjs.org/nan/-/nan-2.11.1.tgz",
      "integrity": "sha512-iji6k87OSXa0CcrLl9z+ZiYSuR2o+c0bGuNmXdrhTQTakxytAFsC56SArGYoiHlJlFoHSnvmhpceZJaXkVuOtA==",
      "optional": true
    },
    "ngx-clipboard": {
      "version": "11.1.9",
      "resolved": "https://registry.npmjs.org/ngx-clipboard/-/ngx-clipboard-11.1.9.tgz",
      "integrity": "sha512-xF54Ibt/04g2B5SnYylNz7ESP1/thuC7odo+0bKkgbCC873NaqP1VTVx/umh/cnezlXKu8zuWNzzg05tvfgaJg==",
      "requires": {
        "ngx-window-token": "^1.0.2",
        "tslib": "^1.9.0"
      }
    },
    "ngx-window-token": {
      "version": "1.0.2",
      "resolved": "https://registry.npmjs.org/ngx-window-token/-/ngx-window-token-1.0.2.tgz",
      "integrity": "sha512-bFgvi7MYSK1p4b3Mqvn9+biXaO8QDEbpP2sEMSwr0Zgrwh6zCO3F92a6SIIzusqpZBAhxyfVSqj3mO5qIxlM5Q==",
      "requires": {
        "tslib": "^1.9.0"
      }
    },
    "qrious": {
      "version": "2.3.0",
      "resolved": "https://registry.npmjs.org/qrious/-/qrious-2.3.0.tgz",
      "integrity": "sha1-ynzmioIJmmepDkl59LHN9R7zJHU=",
      "requires": {
        "canvas": "^1.6.5"
      }
    },
    "tslib": {
      "version": "1.9.3",
      "resolved": "https://registry.npmjs.org/tslib/-/tslib-1.9.3.tgz",
      "integrity": "sha512-4krF8scpejhaOgqzBEcGM7yDIEfi0/8+8zDRZhNZZ2kjmHJ4hv3zCbQWxoJGz1iw5U0Jl0nma13xzHXcncMavQ=="
    }
  }
}
